
Microsoft Visual Studio Solution File, Format Version 12.00
# Visual Studio 2013
VisualStudioVersion = 12.0.21005.1
MinimumVisualStudioVersion = 10.0.40219.1
Project("{FAE04EC0-301F-11D3-BF4B-00C04F79EFBC}") = "arara", "arara\arara.csproj", "{9B32CC8D-6C0E-47A2-8FF2-F83B08DFE794}"
EndProject
Global
	GlobalSection(SolutionConfigurationPlatforms) = preSolution
		Debug|Any CPU = Debug|Any CPU
		Release|Any CPU = Release|Any CPU
	EndGlobalSection
	GlobalSection(ProjectConfigurationPlatforms) = postSolution
		{9B32CC8D-6C0E-47A2-8FF2-F83B08DFE794}.Debug|Any CPU.ActiveCfg = Debug|Any CPU
		{9B32CC8D-6C0E-47A2-8FF2-F83B08DFE794}.Debug|Any CPU.Build.0 = Debug|Any CPU
		{9B32CC8D-6C0E-47A2-8FF2-F83B08DFE794}.Release|Any CPU.ActiveCfg = Release|Any CPU
		{9B32CC8D-6C0E-47A2-8FF2-F83B08DFE794}.Release|Any CPU.Build.0 = Release|Any CPU
	EndGlobalSection
	GlobalSection(SolutionProperties) = preSolution
		HideSolutionNode = FALSE
	EndGlobalSection
	GlobalSection(ExtensibilityGlobals) = postSolution
		SolutionGuid = {CC61358D-C075-4402-BA3B-83E94417C913}
	EndGlobalSection
EndGlobal
